
Microsoft Visual Studio Solution File, Format Version 12.00
# Visual Studio Version 17
VisualStudioVersion = 17.5.002.0
MinimumVisualStudioVersion = 10.0.40219.1
Project("{9A19103F-16F7-4668-BE54-9A1E7A4F7556}") = "TrilhaApiDesafio", "TrilhaApiDesafio.csproj", "{14D442F8-E0B4-47D1-B854-003D5B96CF89}"
EndProject
Global
	GlobalSection(SolutionConfigurationPlatforms) = preSolution
		Debug|Any CPU = Debug|Any CPU
		Release|Any CPU = Release|Any CPU
	EndGlobalSection
	GlobalSection(ProjectConfigurationPlatforms) = postSolution
		{14D442F8-E0B4-47D1-B854-003D5B96CF89}.Debug|Any CPU.ActiveCfg = Debug|Any CPU
		{14D442F8-E0B4-47D1-B854-003D5B96CF89}.Debug|Any CPU.Build.0 = Debug|Any CPU
		{14D442F8-E0B4-47D1-B854-003D5B96CF89}.Release|Any CPU.ActiveCfg = Release|Any CPU
		{14D442F8-E0B4-47D1-B854-003D5B96CF89}.Release|Any CPU.Build.0 = Release|Any CPU
	EndGlobalSection
	GlobalSection(SolutionProperties) = preSolution
		HideSolutionNode = FALSE
	EndGlobalSection
	GlobalSection(ExtensibilityGlobals) = postSolution
		SolutionGuid = {BCC820C8-BD64-4E68-8275-5B981439DFFD}
	EndGlobalSection
EndGlobal
